
Microsoft Visual Studio Solution File, Format Version 12.00
# Visual Studio Version 17
VisualStudioVersion = 17.4.33205.214
MinimumVisualStudioVersion = 10.0.40219.1
Project("{FAE04EC0-301F-11D3-BF4B-00C04F79EFBC}") = "FakeArcade2", "FakeArcade2\FakeArcade2.csproj", "{A577492B-BDC6-47A3-B7E1-2A146B7AF6A0}"
EndProject
Global
	GlobalSection(SolutionConfigurationPlatforms) = preSolution
		Debug|Any CPU = Debug|Any CPU
		Release|Any CPU = Release|Any CPU
	EndGlobalSection
	GlobalSection(ProjectConfigurationPlatforms) = postSolution
		{A577492B-BDC6-47A3-B7E1-2A146B7AF6A0}.Debug|Any CPU.ActiveCfg = Debug|Any CPU
		{A577492B-BDC6-47A3-B7E1-2A146B7AF6A0}.Debug|Any CPU.Build.0 = Debug|Any CPU
		{A577492B-BDC6-47A3-B7E1-2A146B7AF6A0}.Release|Any CPU.ActiveCfg = Release|Any CPU
		{A577492B-BDC6-47A3-B7E1-2A146B7AF6A0}.Release|Any CPU.Build.0 = Release|Any CPU
	EndGlobalSection
	GlobalSection(SolutionProperties) = preSolution
		HideSolutionNode = FALSE
	EndGlobalSection
	GlobalSection(ExtensibilityGlobals) = postSolution
		SolutionGuid = {1AEFB259-9309-4199-8CF3-37248CDC4CBA}
	EndGlobalSection
EndGlobal
